
Microsoft Visual Studio Solution File, Format Version 12.00
# Visual Studio Version 17
VisualStudioVersion = 17.7.34003.232
MinimumVisualStudioVersion = 10.0.40219.1
Project("{9A19103F-16F7-4668-BE54-9A1E7A4F7556}") = "SwaggerUtils", "SwaggerUtils\SwaggerUtils.csproj", "{1EF49ABA-87B4-4C87-92CC-CA08BE27F02D}"
EndProject
Global
	GlobalSection(SolutionConfigurationPlatforms) = preSolution
		Debug|Any CPU = Debug|Any CPU
		Release|Any CPU = Release|Any CPU
	EndGlobalSection
	GlobalSection(ProjectConfigurationPlatforms) = postSolution
		{1EF49ABA-87B4-4C87-92CC-CA08BE27F02D}.Debug|Any CPU.ActiveCfg = Debug|Any CPU
		{1EF49ABA-87B4-4C87-92CC-CA08BE27F02D}.Debug|Any CPU.Build.0 = Debug|Any CPU
		{1EF49ABA-87B4-4C87-92CC-CA08BE27F02D}.Release|Any CPU.ActiveCfg = Release|Any CPU
		{1EF49ABA-87B4-4C87-92CC-CA08BE27F02D}.Release|Any CPU.Build.0 = Release|Any CPU
	EndGlobalSection
	GlobalSection(SolutionProperties) = preSolution
		HideSolutionNode = FALSE
	EndGlobalSection
	GlobalSection(ExtensibilityGlobals) = postSolution
		SolutionGuid = {85F7C866-70B5-403E-8D4B-42CF53FDDFD5}
	EndGlobalSection
EndGlobal
